
Microsoft Visual Studio Solution File, Format Version 12.00
# Visual Studio 15
VisualStudioVersion = 15.0.28307.2017
MinimumVisualStudioVersion = 10.0.40219.1
Project("{8BC9CEB8-8B4A-11D0-8D11-00A0C91BC942}") = "0x02문제1", "0x02문제1\0x02문제1.vcxproj", "{F84D9EC4-B98F-4AF0-8646-F68EBEEB936B}"
EndProject
Global
	GlobalSection(SolutionConfigurationPlatforms) = preSolution
		Debug|x64 = Debug|x64
		Debug|x86 = Debug|x86
		Release|x64 = Release|x64
		Release|x86 = Release|x86
	EndGlobalSection
	GlobalSection(ProjectConfigurationPlatforms) = postSolution
		{F84D9EC4-B98F-4AF0-8646-F68EBEEB936B}.Debug|x64.ActiveCfg = Debug|x64
		{F84D9EC4-B98F-4AF0-8646-F68EBEEB936B}.Debug|x64.Build.0 = Debug|x64
		{F84D9EC4-B98F-4AF0-8646-F68EBEEB936B}.Debug|x86.ActiveCfg = Debug|Win32
		{F84D9EC4-B98F-4AF0-8646-F68EBEEB936B}.Debug|x86.Build.0 = Debug|Win32
		{F84D9EC4-B98F-4AF0-8646-F68EBEEB936B}.Release|x64.ActiveCfg = Release|x64
		{F84D9EC4-B98F-4AF0-8646-F68EBEEB936B}.Release|x64.Build.0 = Release|x64
		{F84D9EC4-B98F-4AF0-8646-F68EBEEB936B}.Release|x86.ActiveCfg = Release|Win32
		{F84D9EC4-B98F-4AF0-8646-F68EBEEB936B}.Release|x86.Build.0 = Release|Win32
	EndGlobalSection
	GlobalSection(SolutionProperties) = preSolution
		HideSolutionNode = FALSE
	EndGlobalSection
	GlobalSection(ExtensibilityGlobals) = postSolution
		SolutionGuid = {7DCD3453-937B-44F3-8D2C-8DE2EA707636}
	EndGlobalSection
EndGlobal
